// !$*UTF8*$!
{
	archiveVersion = 1;
	classes = {
	};
	objectVersion = 63;
	objects = {

/* Begin PBXBuildFile section */
		17B35B6C5F41AE77A7A15807 /* EditorAjarUISmokeTests.swift in Sources */ = {isa = PBXBuildFile; fileRef = 49C89179EB54CF3496FEC86D /* EditorAjarUISmokeTests.swift */; };
		18A50F6FE3F5F215D59EEB06 /* AjarRender in Frameworks */ = {isa = PBXBuildFile; productRef = 1A54917698517881ACC715AF /* AjarRender */; };
		27AC5FC45DA5EF355A9DB6A4 /* EditorAjarWorkspaceView.swift in Sources */ = {isa = PBXBuildFile; fileRef = 7E91360F760DF82F58AA1348 /* EditorAjarWorkspaceView.swift */; };
		3A246BF62A10B5DED981A4E7 /* EditorAjarAppModel.swift in Sources */ = {isa = PBXBuildFile; fileRef = F63E695E37C17D158B921AE3 /* EditorAjarAppModel.swift */; };
		3D7AF3B32C664C68DFEDD2D5 /* EditorAjarExportDialogView.swift in Sources */ = {isa = PBXBuildFile; fileRef = 88FEA85E5F58004FD8DD75BE /* EditorAjarExportDialogView.swift */; };
		49708A2AFB12A81D9F1ADD3C /* AjarMedia in Frameworks */ = {isa = PBXBuildFile; productRef = 834313F8ED36DC6955A87E81 /* AjarMedia */; };
		4B37B435C4E09BC2B3D1C844 /* AjarCore in Frameworks */ = {isa = PBXBuildFile; productRef = 85C3D209033711447AA4FAA9 /* AjarCore */; };
		5F81FCEB82A63EC85F3996A6 /* EditorAjarAppModelTests.swift in Sources */ = {isa = PBXBuildFile; fileRef = A451D96017C6BEF9EFEA16AD /* EditorAjarAppModelTests.swift */; };
		5FD25C168A644F1D7D7D373C /* ProgramMetalView.swift in Sources */ = {isa = PBXBuildFile; fileRef = D9B9F5543F761E84DAF360B1 /* ProgramMetalView.swift */; };
		63D76714CAA834902EE03BC5 /* CanvasTitleEditingOverlay.swift in Sources */ = {isa = PBXBuildFile; fileRef = 1A9F34827F29582998DDF2DF /* CanvasTitleEditingOverlay.swift */; };
		6653EE21E97F97F4A1337738 /* EditorAjarDisplayLinkDriver.swift in Sources */ = {isa = PBXBuildFile; fileRef = 1F110E27EF88FDB73589888A /* EditorAjarDisplayLinkDriver.swift */; };
		7817DB2C1CFFDA0D96DF4AB3 /* EditorAjarSampleProjectFactory.swift in Sources */ = {isa = PBXBuildFile; fileRef = 0924F1AB529A6EA77A8D4CCE /* EditorAjarSampleProjectFactory.swift */; };
		859809191F61E0E85C7B4D8E /* EditorAjarApp.swift in Sources */ = {isa = PBXBuildFile; fileRef = 15CAC1EB41C553C298F4AC33 /* EditorAjarApp.swift */; };
		AB2A1C41DEC38DAA0002963C /* AjarAudio in Frameworks */ = {isa = PBXBuildFile; productRef = A01CC1757C5405C05674F732 /* AjarAudio */; };
		B93198D47AC9EF9B34D6FC7A /* EditorAjarPlaybackController.swift in Sources */ = {isa = PBXBuildFile; fileRef = E1176FE13FE9CD124B90EBFD /* EditorAjarPlaybackController.swift */; };
		D557662377F941720635621B /* EditorAjarExportPresetStore.swift in Sources */ = {isa = PBXBuildFile; fileRef = B7B397BCAB3E49B3E54D1706 /* EditorAjarExportPresetStore.swift */; };
		D74486152B2841A47BD5E13B /* AjarExport in Frameworks */ = {isa = PBXBuildFile; productRef = 2D8661F6A1F4DB889E10CE27 /* AjarExport */; };
		E056E9938F510F165A587C82 /* EditorAjarRenderPipeline.swift in Sources */ = {isa = PBXBuildFile; fileRef = 8B9D571B5922EC833914E9D6 /* EditorAjarRenderPipeline.swift */; };
		E06DD6EA42B16AF32C5F5EDA /* EditorAjarLiveAudioCoordinator.swift in Sources */ = {isa = PBXBuildFile; fileRef = 4004C1F15E8AF35BF8833F54 /* EditorAjarLiveAudioCoordinator.swift */; };
		F6D10E1573E2C5428D7006DE /* EditorAjarExportDialogModel.swift in Sources */ = {isa = PBXBuildFile; fileRef = 7DAA8F76C2C44C8920890DB3 /* EditorAjarExportDialogModel.swift */; };
/* End PBXBuildFile section */

/* Begin PBXContainerItemProxy section */
		013B106D87E19BEF32860102 /* PBXContainerItemProxy */ = {
			isa = PBXContainerItemProxy;
			containerPortal = 0C3C6B02D1EFA40A858C9AFF /* Project object */;
			proxyType = 1;
			remoteGlobalIDString = 781D625050DFF9CEE38EF3D4;
			remoteInfo = EditorAjar;
		};
		5A472FDC64ECCF67D03AAF90 /* PBXContainerItemProxy */ = {
			isa = PBXContainerItemProxy;
			containerPortal = 0C3C6B02D1EFA40A858C9AFF /* Project object */;
			proxyType = 1;
			remoteGlobalIDString = 781D625050DFF9CEE38EF3D4;
			remoteInfo = EditorAjar;
		};
/* End PBXContainerItemProxy section */

/* Begin PBXFileReference section */
		0924F1AB529A6EA77A8D4CCE /* EditorAjarSampleProjectFactory.swift */ = {isa = PBXFileReference; lastKnownFileType = sourcecode.swift; path = EditorAjarSampleProjectFactory.swift; sourceTree = "<group>"; };
		15CAC1EB41C553C298F4AC33 /* EditorAjarApp.swift */ = {isa = PBXFileReference; lastKnownFileType = sourcecode.swift; path = EditorAjarApp.swift; sourceTree = "<group>"; };
		1A9F34827F29582998DDF2DF /* CanvasTitleEditingOverlay.swift */ = {isa = PBXFileReference; lastKnownFileType = sourcecode.swift; path = CanvasTitleEditingOverlay.swift; sourceTree = "<group>"; };
		1F110E27EF88FDB73589888A /* EditorAjarDisplayLinkDriver.swift */ = {isa = PBXFileReference; lastKnownFileType = sourcecode.swift; path = EditorAjarDisplayLinkDriver.swift; sourceTree = "<group>"; };
		4004C1F15E8AF35BF8833F54 /* EditorAjarLiveAudioCoordinator.swift */ = {isa = PBXFileReference; lastKnownFileType = sourcecode.swift; path = EditorAjarLiveAudioCoordinator.swift; sourceTree = "<group>"; };
		49C89179EB54CF3496FEC86D /* EditorAjarUISmokeTests.swift */ = {isa = PBXFileReference; lastKnownFileType = sourcecode.swift; path = EditorAjarUISmokeTests.swift; sourceTree = "<group>"; };
		4B3331D5EA7AED5D0D63F83D /* EditorAjar.app */ = {isa = PBXFileReference; explicitFileType = wrapper.application; includeInIndex = 0; path = EditorAjar.app; sourceTree = BUILT_PRODUCTS_DIR; };
		64FE9E23EF9A44E444F2A7E3 /* EditorAjarTests.xctest */ = {isa = PBXFileReference; explicitFileType = wrapper.cfbundle; includeInIndex = 0; path = EditorAjarTests.xctest; sourceTree = BUILT_PRODUCTS_DIR; };
		7DAA8F76C2C44C8920890DB3 /* EditorAjarExportDialogModel.swift */ = {isa = PBXFileReference; lastKnownFileType = sourcecode.swift; path = EditorAjarExportDialogModel.swift; sourceTree = "<group>"; };
		7E91360F760DF82F58AA1348 /* EditorAjarWorkspaceView.swift */ = {isa = PBXFileReference; lastKnownFileType = sourcecode.swift; path = EditorAjarWorkspaceView.swift; sourceTree = "<group>"; };
		88FEA85E5F58004FD8DD75BE /* EditorAjarExportDialogView.swift */ = {isa = PBXFileReference; lastKnownFileType = sourcecode.swift; path = EditorAjarExportDialogView.swift; sourceTree = "<group>"; };
		8B9D571B5922EC833914E9D6 /* EditorAjarRenderPipeline.swift */ = {isa = PBXFileReference; lastKnownFileType = sourcecode.swift; path = EditorAjarRenderPipeline.swift; sourceTree = "<group>"; };
		A451D96017C6BEF9EFEA16AD /* EditorAjarAppModelTests.swift */ = {isa = PBXFileReference; lastKnownFileType = sourcecode.swift; path = EditorAjarAppModelTests.swift; sourceTree = "<group>"; };
		B7B397BCAB3E49B3E54D1706 /* EditorAjarExportPresetStore.swift */ = {isa = PBXFileReference; lastKnownFileType = sourcecode.swift; path = EditorAjarExportPresetStore.swift; sourceTree = "<group>"; };
		D9B9F5543F761E84DAF360B1 /* ProgramMetalView.swift */ = {isa = PBXFileReference; lastKnownFileType = sourcecode.swift; path = ProgramMetalView.swift; sourceTree = "<group>"; };
		DAF934E19339DC9EEF4DB2EE /* EditorAjarUITests.xctest */ = {isa = PBXFileReference; explicitFileType = wrapper.cfbundle; includeInIndex = 0; path = EditorAjarUITests.xctest; sourceTree = BUILT_PRODUCTS_DIR; };
		E1176FE13FE9CD124B90EBFD /* EditorAjarPlaybackController.swift */ = {isa = PBXFileReference; lastKnownFileType = sourcecode.swift; path = EditorAjarPlaybackController.swift; sourceTree = "<group>"; };
		EC3BBF3F9D04E0AC6094E018 /* editor-ajar-wt-215 */ = {isa = PBXFileReference; lastKnownFileType = folder; name = "editor-ajar-wt-215"; path = ../..; sourceTree = SOURCE_ROOT; };
		F63E695E37C17D158B921AE3 /* EditorAjarAppModel.swift */ = {isa = PBXFileReference; lastKnownFileType = sourcecode.swift; path = EditorAjarAppModel.swift; sourceTree = "<group>"; };
/* End PBXFileReference section */

/* Begin PBXFrameworksBuildPhase section */
		FC73BAA26F404EAEE71E94FE /* Frameworks */ = {
			isa = PBXFrameworksBuildPhase;
			buildActionMask = 2147483647;
			files = (
				4B37B435C4E09BC2B3D1C844 /* AjarCore in Frameworks */,
				18A50F6FE3F5F215D59EEB06 /* AjarRender in Frameworks */,
				49708A2AFB12A81D9F1ADD3C /* AjarMedia in Frameworks */,
				AB2A1C41DEC38DAA0002963C /* AjarAudio in Frameworks */,
				D74486152B2841A47BD5E13B /* AjarExport in Frameworks */,
			);
			runOnlyForDeploymentPostprocessing = 0;
		};
/* End PBXFrameworksBuildPhase section */

/* Begin PBXGroup section */
		434CAD8C2E31A62C2A1C11F5 /* Tests */ = {
			isa = PBXGroup;
			children = (
				A451D96017C6BEF9EFEA16AD /* EditorAjarAppModelTests.swift */,
			);
			path = Tests;
			sourceTree = "<group>";
		};
		6300850ED77A215EBE853DED /* Products */ = {
			isa = PBXGroup;
			children = (
				4B3331D5EA7AED5D0D63F83D /* EditorAjar.app */,
				64FE9E23EF9A44E444F2A7E3 /* EditorAjarTests.xctest */,
				DAF934E19339DC9EEF4DB2EE /* EditorAjarUITests.xctest */,
			);
			name = Products;
			sourceTree = "<group>";
		};
		6A726139FAEDF66281EE0298 = {
			isa = PBXGroup;
			children = (
				E2F1B1AE384DA4CD60EEA89F /* Packages */,
				6F7022CEA1657A2876E1F698 /* Sources */,
				434CAD8C2E31A62C2A1C11F5 /* Tests */,
				EFDECB95AA0FC7EA60DBC44E /* UITests */,
				6300850ED77A215EBE853DED /* Products */,
			);
			sourceTree = "<group>";
		};
		6F7022CEA1657A2876E1F698 /* Sources */ = {
			isa = PBXGroup;
			children = (
				1A9F34827F29582998DDF2DF /* CanvasTitleEditingOverlay.swift */,
				15CAC1EB41C553C298F4AC33 /* EditorAjarApp.swift */,
				F63E695E37C17D158B921AE3 /* EditorAjarAppModel.swift */,
				1F110E27EF88FDB73589888A /* EditorAjarDisplayLinkDriver.swift */,
				7DAA8F76C2C44C8920890DB3 /* EditorAjarExportDialogModel.swift */,
				88FEA85E5F58004FD8DD75BE /* EditorAjarExportDialogView.swift */,
				B7B397BCAB3E49B3E54D1706 /* EditorAjarExportPresetStore.swift */,
				4004C1F15E8AF35BF8833F54 /* EditorAjarLiveAudioCoordinator.swift */,
				E1176FE13FE9CD124B90EBFD /* EditorAjarPlaybackController.swift */,
				8B9D571B5922EC833914E9D6 /* EditorAjarRenderPipeline.swift */,
				0924F1AB529A6EA77A8D4CCE /* EditorAjarSampleProjectFactory.swift */,
				7E91360F760DF82F58AA1348 /* EditorAjarWorkspaceView.swift */,
				D9B9F5543F761E84DAF360B1 /* ProgramMetalView.swift */,
			);
			path = Sources;
			sourceTree = "<group>";
		};
		E2F1B1AE384DA4CD60EEA89F /* Packages */ = {
			isa = PBXGroup;
			children = (
				EC3BBF3F9D04E0AC6094E018 /* editor-ajar-wt-215 */,
			);
			name = Packages;
			sourceTree = "<group>";
		};
		EFDECB95AA0FC7EA60DBC44E /* UITests */ = {
			isa = PBXGroup;
			children = (
				49C89179EB54CF3496FEC86D /* EditorAjarUISmokeTests.swift */,
			);
			path = UITests;
			sourceTree = "<group>";
		};
/* End PBXGroup section */

/* Begin PBXNativeTarget section */
		781D625050DFF9CEE38EF3D4 /* EditorAjar */ = {
			isa = PBXNativeTarget;
			buildConfigurationList = FCC51D691D1E0D2A6EAD4FC6 /* Build configuration list for PBXNativeTarget "EditorAjar" */;
			buildPhases = (
				35531D4D8469E8F536AA72A0 /* Sources */,
				FC73BAA26F404EAEE71E94FE /* Frameworks */,
			);
			buildRules = (
			);
			dependencies = (
			);
			name = EditorAjar;
			packageProductDependencies = (
				85C3D209033711447AA4FAA9 /* AjarCore */,
				1A54917698517881ACC715AF /* AjarRender */,
				834313F8ED36DC6955A87E81 /* AjarMedia */,
				A01CC1757C5405C05674F732 /* AjarAudio */,
				2D8661F6A1F4DB889E10CE27 /* AjarExport */,
			);
			productName = EditorAjar;
			productReference = 4B3331D5EA7AED5D0D63F83D /* EditorAjar.app */;
			productType = "com.apple.product-type.application";
		};
		80A4C7B5D915B3036EADD118 /* EditorAjarTests */ = {
			isa = PBXNativeTarget;
			buildConfigurationList = C11E19F59469A69E1E89BF0C /* Build configuration list for PBXNativeTarget "EditorAjarTests" */;
			buildPhases = (
				FACDAA0182B5967178C2390C /* Sources */,
			);
			buildRules = (
			);
			dependencies = (
				BD361347D7BF0B8EBE7132F0 /* PBXTargetDependency */,
			);
			name = EditorAjarTests;
			packageProductDependencies = (
			);
			productName = EditorAjarTests;
			productReference = 64FE9E23EF9A44E444F2A7E3 /* EditorAjarTests.xctest */;
			productType = "com.apple.product-type.bundle.unit-test";
		};
		D0482A94769ACB971C8F5AFE /* EditorAjarUITests */ = {
			isa = PBXNativeTarget;
			buildConfigurationList = 08294F124391A0B760A471F5 /* Build configuration list for PBXNativeTarget "EditorAjarUITests" */;
			buildPhases = (
				A55BF1DEAA6AB92D08E2FDE6 /* Sources */,
			);
			buildRules = (
			);
			dependencies = (
				47FF43E4B4C624CF4C007A80 /* PBXTargetDependency */,
			);
			name = EditorAjarUITests;
			packageProductDependencies = (
			);
			productName = EditorAjarUITests;
			productReference = DAF934E19339DC9EEF4DB2EE /* EditorAjarUITests.xctest */;
			productType = "com.apple.product-type.bundle.ui-testing";
		};
/* End PBXNativeTarget section */

/* Begin PBXProject section */
		0C3C6B02D1EFA40A858C9AFF /* Project object */ = {
			isa = PBXProject;
			attributes = {
				BuildIndependentTargetsInParallel = YES;
				LastUpgradeCheck = 1430;
				TargetAttributes = {
					781D625050DFF9CEE38EF3D4 = {
						ProvisioningStyle = Manual;
					};
					80A4C7B5D915B3036EADD118 = {
						ProvisioningStyle = Manual;
					};
					D0482A94769ACB971C8F5AFE = {
						ProvisioningStyle = Manual;
						TestTargetID = 781D625050DFF9CEE38EF3D4;
					};
				};
			};
			buildConfigurationList = 69E18E429A5252F6F6058F93 /* Build configuration list for PBXProject "EditorAjar" */;
			compatibilityVersion = "Xcode 15.3";
			developmentRegion = en;
			hasScannedForEncodings = 0;
			knownRegions = (
				Base,
				en,
			);
			mainGroup = 6A726139FAEDF66281EE0298;
			minimizedProjectReferenceProxies = 1;
			packageReferences = (
				B2E1E4C65F771F6B29536AF8 /* XCLocalSwiftPackageReference "../.." */,
			);
			productRefGroup = 6300850ED77A215EBE853DED /* Products */;
			projectDirPath = "";
			projectRoot = "";
			targets = (
				781D625050DFF9CEE38EF3D4 /* EditorAjar */,
				80A4C7B5D915B3036EADD118 /* EditorAjarTests */,
				D0482A94769ACB971C8F5AFE /* EditorAjarUITests */,
			);
		};
/* End PBXProject section */

/* Begin PBXSourcesBuildPhase section */
		35531D4D8469E8F536AA72A0 /* Sources */ = {
			isa = PBXSourcesBuildPhase;
			buildActionMask = 2147483647;
			files = (
				63D76714CAA834902EE03BC5 /* CanvasTitleEditingOverlay.swift in Sources */,
				859809191F61E0E85C7B4D8E /* EditorAjarApp.swift in Sources */,
				3A246BF62A10B5DED981A4E7 /* EditorAjarAppModel.swift in Sources */,
				6653EE21E97F97F4A1337738 /* EditorAjarDisplayLinkDriver.swift in Sources */,
				F6D10E1573E2C5428D7006DE /* EditorAjarExportDialogModel.swift in Sources */,
				3D7AF3B32C664C68DFEDD2D5 /* EditorAjarExportDialogView.swift in Sources */,
				D557662377F941720635621B /* EditorAjarExportPresetStore.swift in Sources */,
				E06DD6EA42B16AF32C5F5EDA /* EditorAjarLiveAudioCoordinator.swift in Sources */,
				B93198D47AC9EF9B34D6FC7A /* EditorAjarPlaybackController.swift in Sources */,
				E056E9938F510F165A587C82 /* EditorAjarRenderPipeline.swift in Sources */,
				7817DB2C1CFFDA0D96DF4AB3 /* EditorAjarSampleProjectFactory.swift in Sources */,
				27AC5FC45DA5EF355A9DB6A4 /* EditorAjarWorkspaceView.swift in Sources */,
				5FD25C168A644F1D7D7D373C /* ProgramMetalView.swift in Sources */,
			);
			runOnlyForDeploymentPostprocessing = 0;
		};
		A55BF1DEAA6AB92D08E2FDE6 /* Sources */ = {
			isa = PBXSourcesBuildPhase;
			buildActionMask = 2147483647;
			files = (
				17B35B6C5F41AE77A7A15807 /* EditorAjarUISmokeTests.swift in Sources */,
			);
			runOnlyForDeploymentPostprocessing = 0;
		};
		FACDAA0182B5967178C2390C /* Sources */ = {
			isa = PBXSourcesBuildPhase;
			buildActionMask = 2147483647;
			files = (
				5F81FCEB82A63EC85F3996A6 /* EditorAjarAppModelTests.swift in Sources */,
			);
			runOnlyForDeploymentPostprocessing = 0;
		};
/* End PBXSourcesBuildPhase section */

/* Begin PBXTargetDependency section */
		47FF43E4B4C624CF4C007A80 /* PBXTargetDependency */ = {
			isa = PBXTargetDependency;
			target = 781D625050DFF9CEE38EF3D4 /* EditorAjar */;
			targetProxy = 013B106D87E19BEF32860102 /* PBXContainerItemProxy */;
		};
		BD361347D7BF0B8EBE7132F0 /* PBXTargetDependency */ = {
			isa = PBXTargetDependency;
			target = 781D625050DFF9CEE38EF3D4 /* EditorAjar */;
			targetProxy = 5A472FDC64ECCF67D03AAF90 /* PBXContainerItemProxy */;
		};
/* End PBXTargetDependency section */

/* Begin XCBuildConfiguration section */
		12E18B4F2FB5EB7C4F489A91 /* Release */ = {
			isa = XCBuildConfiguration;
			buildSettings = {
				BUNDLE_LOADER = "$(TEST_HOST)";
				COMBINE_HIDPI_IMAGES = YES;
				GENERATE_INFOPLIST_FILE = YES;
				LD_RUNPATH_SEARCH_PATHS = (
					"$(inherited)",
					"@executable_path/../Frameworks",
					"@loader_path/../Frameworks",
				);
				PRODUCT_BUNDLE_IDENTIFIER = org.editorajar.EditorAjarTests;
				SDKROOT = macosx;
				TEST_HOST = "$(BUILT_PRODUCTS_DIR)/EditorAjar.app/Contents/MacOS/EditorAjar";
			};
			name = Release;
		};
		22BDB294A4D622EF1B62E1EC /* Debug */ = {
			isa = XCBuildConfiguration;
			buildSettings = {
				ASSETCATALOG_COMPILER_APPICON_NAME = AppIcon;
				COMBINE_HIDPI_IMAGES = YES;
				GENERATE_INFOPLIST_FILE = YES;
				INFOPLIST_KEY_CFBundleDisplayName = "Editor Ajar";
				INFOPLIST_KEY_LSApplicationCategoryType = "public.app-category.video";
				LD_RUNPATH_SEARCH_PATHS = (
					"$(inherited)",
					"@executable_path/../Frameworks",
				);
				PRODUCT_BUNDLE_IDENTIFIER = org.editorajar.EditorAjar;
				PRODUCT_NAME = EditorAjar;
				SDKROOT = macosx;
			};
			name = Debug;
		};
		32F9A858967196A0FE234A87 /* Debug */ = {
			isa = XCBuildConfiguration;
			buildSettings = {
				ALWAYS_SEARCH_USER_PATHS = NO;
				CLANG_ANALYZER_NONNULL = YES;
				CLANG_ANALYZER_NUMBER_OBJECT_CONVERSION = YES_AGGRESSIVE;
				CLANG_CXX_LANGUAGE_STANDARD = "gnu++14";
				CLANG_CXX_LIBRARY = "libc++";
				CLANG_ENABLE_MODULES = YES;
				CLANG_ENABLE_OBJC_ARC = YES;
				CLANG_ENABLE_OBJC_WEAK = YES;
				CLANG_WARN_BLOCK_CAPTURE_AUTORELEASING = YES;
				CLANG_WARN_BOOL_CONVERSION = YES;
				CLANG_WARN_COMMA = YES;
				CLANG_WARN_CONSTANT_CONVERSION = YES;
				CLANG_WARN_DEPRECATED_OBJC_IMPLEMENTATIONS = YES;
				CLANG_WARN_DIRECT_OBJC_ISA_USAGE = YES_ERROR;
				CLANG_WARN_DOCUMENTATION_COMMENTS = YES;
				CLANG_WARN_EMPTY_BODY = YES;
				CLANG_WARN_ENUM_CONVERSION = YES;
				CLANG_WARN_INFINITE_RECURSION = YES;
				CLANG_WARN_INT_CONVERSION = YES;
				CLANG_WARN_NON_LITERAL_NULL_CONVERSION = YES;
				CLANG_WARN_OBJC_IMPLICIT_RETAIN_SELF = YES;
				CLANG_WARN_OBJC_LITERAL_CONVERSION = YES;
				CLANG_WARN_OBJC_ROOT_CLASS = YES_ERROR;
				CLANG_WARN_QUOTED_INCLUDE_IN_FRAMEWORK_HEADER = YES;
				CLANG_WARN_RANGE_LOOP_ANALYSIS = YES;
				CLANG_WARN_STRICT_PROTOTYPES = YES;
				CLANG_WARN_SUSPICIOUS_MOVE = YES;
				CLANG_WARN_UNGUARDED_AVAILABILITY = YES_AGGRESSIVE;
				CLANG_WARN_UNREACHABLE_CODE = YES;
				CLANG_WARN__DUPLICATE_METHOD_MATCH = YES;
				CODE_SIGNING_ALLOWED = NO;
				CODE_SIGN_IDENTITY = "-";
				CODE_SIGN_STYLE = Manual;
				COPY_PHASE_STRIP = NO;
				DEBUG_INFORMATION_FORMAT = dwarf;
				ENABLE_HARDENED_RUNTIME = NO;
				ENABLE_STRICT_OBJC_MSGSEND = YES;
				ENABLE_TESTABILITY = YES;
				GCC_C_LANGUAGE_STANDARD = gnu11;
				GCC_DYNAMIC_NO_PIC = NO;
				GCC_NO_COMMON_BLOCKS = YES;
				GCC_OPTIMIZATION_LEVEL = 0;
				GCC_PREPROCESSOR_DEFINITIONS = (
					"$(inherited)",
					"DEBUG=1",
				);
				GCC_WARN_64_TO_32_BIT_CONVERSION = YES;
				GCC_WARN_ABOUT_RETURN_TYPE = YES_ERROR;
				GCC_WARN_UNDECLARED_SELECTOR = YES;
				GCC_WARN_UNINITIALIZED_AUTOS = YES_AGGRESSIVE;
				GCC_WARN_UNUSED_FUNCTION = YES;
				GCC_WARN_UNUSED_VARIABLE = YES;
				MACOSX_DEPLOYMENT_TARGET = 14.0;
				MTL_ENABLE_DEBUG_INFO = INCLUDE_SOURCE;
				MTL_FAST_MATH = YES;
				ONLY_ACTIVE_ARCH = YES;
				PRODUCT_NAME = "$(TARGET_NAME)";
				SDKROOT = macosx;
				SWIFT_ACTIVE_COMPILATION_CONDITIONS = DEBUG;
				SWIFT_OPTIMIZATION_LEVEL = "-Onone";
				SWIFT_VERSION = 5.9;
			};
			name = Debug;
		};
		5E679387C4DDBC25FABA1937 /* Release */ = {
			isa = XCBuildConfiguration;
			buildSettings = {
				ASSETCATALOG_COMPILER_APPICON_NAME = AppIcon;
				COMBINE_HIDPI_IMAGES = YES;
				GENERATE_INFOPLIST_FILE = YES;
				INFOPLIST_KEY_CFBundleDisplayName = "Editor Ajar";
				INFOPLIST_KEY_LSApplicationCategoryType = "public.app-category.video";
				LD_RUNPATH_SEARCH_PATHS = (
					"$(inherited)",
					"@executable_path/../Frameworks",
				);
				PRODUCT_BUNDLE_IDENTIFIER = org.editorajar.EditorAjar;
				PRODUCT_NAME = EditorAjar;
				SDKROOT = macosx;
			};
			name = Release;
		};
		701B6B491FAB6EA87FCCFF11 /* Debug */ = {
			isa = XCBuildConfiguration;
			buildSettings = {
				BUNDLE_LOADER = "$(TEST_HOST)";
				COMBINE_HIDPI_IMAGES = YES;
				GENERATE_INFOPLIST_FILE = YES;
				LD_RUNPATH_SEARCH_PATHS = (
					"$(inherited)",
					"@executable_path/Frameworks",
					"@loader_path/Frameworks",
				);
				PRODUCT_BUNDLE_IDENTIFIER = org.editorajar.EditorAjarUITests;
				SDKROOT = macosx;
				TEST_TARGET_NAME = EditorAjar;
			};
			name = Debug;
		};
		A6ECD8FA487F2A26E4DB834D /* Debug */ = {
			isa = XCBuildConfiguration;
			buildSettings = {
				BUNDLE_LOADER = "$(TEST_HOST)";
				COMBINE_HIDPI_IMAGES = YES;
				GENERATE_INFOPLIST_FILE = YES;
				LD_RUNPATH_SEARCH_PATHS = (
					"$(inherited)",
					"@executable_path/../Frameworks",
					"@loader_path/../Frameworks",
				);
				PRODUCT_BUNDLE_IDENTIFIER = org.editorajar.EditorAjarTests;
				SDKROOT = macosx;
				TEST_HOST = "$(BUILT_PRODUCTS_DIR)/EditorAjar.app/Contents/MacOS/EditorAjar";
			};
			name = Debug;
		};
		AADEA8CED5C86DEF00E075AD /* Release */ = {
			isa = XCBuildConfiguration;
			buildSettings = {
				ALWAYS_SEARCH_USER_PATHS = NO;
				CLANG_ANALYZER_NONNULL = YES;
				CLANG_ANALYZER_NUMBER_OBJECT_CONVERSION = YES_AGGRESSIVE;
				CLANG_CXX_LANGUAGE_STANDARD = "gnu++14";
				CLANG_CXX_LIBRARY = "libc++";
				CLANG_ENABLE_MODULES = YES;
				CLANG_ENABLE_OBJC_ARC = YES;
				CLANG_ENABLE_OBJC_WEAK = YES;
				CLANG_WARN_BLOCK_CAPTURE_AUTORELEASING = YES;
				CLANG_WARN_BOOL_CONVERSION = YES;
				CLANG_WARN_COMMA = YES;
				CLANG_WARN_CONSTANT_CONVERSION = YES;
				CLANG_WARN_DEPRECATED_OBJC_IMPLEMENTATIONS = YES;
				CLANG_WARN_DIRECT_OBJC_ISA_USAGE = YES_ERROR;
				CLANG_WARN_DOCUMENTATION_COMMENTS = YES;
				CLANG_WARN_EMPTY_BODY = YES;
				CLANG_WARN_ENUM_CONVERSION = YES;
				CLANG_WARN_INFINITE_RECURSION = YES;
				CLANG_WARN_INT_CONVERSION = YES;
				CLANG_WARN_NON_LITERAL_NULL_CONVERSION = YES;
				CLANG_WARN_OBJC_IMPLICIT_RETAIN_SELF = YES;
				CLANG_WARN_OBJC_LITERAL_CONVERSION = YES;
				CLANG_WARN_OBJC_ROOT_CLASS = YES_ERROR;
				CLANG_WARN_QUOTED_INCLUDE_IN_FRAMEWORK_HEADER = YES;
				CLANG_WARN_RANGE_LOOP_ANALYSIS = YES;
				CLANG_WARN_STRICT_PROTOTYPES = YES;
				CLANG_WARN_SUSPICIOUS_MOVE = YES;
				CLANG_WARN_UNGUARDED_AVAILABILITY = YES_AGGRESSIVE;
				CLANG_WARN_UNREACHABLE_CODE = YES;
				CLANG_WARN__DUPLICATE_METHOD_MATCH = YES;
				CODE_SIGNING_ALLOWED = NO;
				CODE_SIGN_IDENTITY = "-";
				CODE_SIGN_STYLE = Manual;
				COPY_PHASE_STRIP = NO;
				DEBUG_INFORMATION_FORMAT = "dwarf-with-dsym";
				ENABLE_HARDENED_RUNTIME = NO;
				ENABLE_NS_ASSERTIONS = NO;
				ENABLE_STRICT_OBJC_MSGSEND = YES;
				GCC_C_LANGUAGE_STANDARD = gnu11;
				GCC_NO_COMMON_BLOCKS = YES;
				GCC_WARN_64_TO_32_BIT_CONVERSION = YES;
				GCC_WARN_ABOUT_RETURN_TYPE = YES_ERROR;
				GCC_WARN_UNDECLARED_SELECTOR = YES;
				GCC_WARN_UNINITIALIZED_AUTOS = YES_AGGRESSIVE;
				GCC_WARN_UNUSED_FUNCTION = YES;
				GCC_WARN_UNUSED_VARIABLE = YES;
				MACOSX_DEPLOYMENT_TARGET = 14.0;
				MTL_ENABLE_DEBUG_INFO = NO;
				MTL_FAST_MATH = YES;
				PRODUCT_NAME = "$(TARGET_NAME)";
				SDKROOT = macosx;
				SWIFT_COMPILATION_MODE = wholemodule;
				SWIFT_OPTIMIZATION_LEVEL = "-O";
				SWIFT_VERSION = 5.9;
			};
			name = Release;
		};
		B97427F7EE91A106F56CE8E5 /* Release */ = {
			isa = XCBuildConfiguration;
			buildSettings = {
				BUNDLE_LOADER = "$(TEST_HOST)";
				COMBINE_HIDPI_IMAGES = YES;
				GENERATE_INFOPLIST_FILE = YES;
				LD_RUNPATH_SEARCH_PATHS = (
					"$(inherited)",
					"@executable_path/Frameworks",
					"@loader_path/Frameworks",
				);
				PRODUCT_BUNDLE_IDENTIFIER = org.editorajar.EditorAjarUITests;
				SDKROOT = macosx;
				TEST_TARGET_NAME = EditorAjar;
			};
			name = Release;
		};
/* End XCBuildConfiguration section */

/* Begin XCConfigurationList section */
		08294F124391A0B760A471F5 /* Build configuration list for PBXNativeTarget "EditorAjarUITests" */ = {
			isa = XCConfigurationList;
			buildConfigurations = (
				701B6B491FAB6EA87FCCFF11 /* Debug */,
				B97427F7EE91A106F56CE8E5 /* Release */,
			);
			defaultConfigurationIsVisible = 0;
			defaultConfigurationName = Debug;
		};
		69E18E429A5252F6F6058F93 /* Build configuration list for PBXProject "EditorAjar" */ = {
			isa = XCConfigurationList;
			buildConfigurations = (
				32F9A858967196A0FE234A87 /* Debug */,
				AADEA8CED5C86DEF00E075AD /* Release */,
			);
			defaultConfigurationIsVisible = 0;
			defaultConfigurationName = Debug;
		};
		C11E19F59469A69E1E89BF0C /* Build configuration list for PBXNativeTarget "EditorAjarTests" */ = {
			isa = XCConfigurationList;
			buildConfigurations = (
				A6ECD8FA487F2A26E4DB834D /* Debug */,
				12E18B4F2FB5EB7C4F489A91 /* Release */,
			);
			defaultConfigurationIsVisible = 0;
			defaultConfigurationName = Debug;
		};
		FCC51D691D1E0D2A6EAD4FC6 /* Build configuration list for PBXNativeTarget "EditorAjar" */ = {
			isa = XCConfigurationList;
			buildConfigurations = (
				22BDB294A4D622EF1B62E1EC /* Debug */,
				5E679387C4DDBC25FABA1937 /* Release */,
			);
			defaultConfigurationIsVisible = 0;
			defaultConfigurationName = Debug;
		};
/* End XCConfigurationList section */

/* Begin XCLocalSwiftPackageReference section */
		B2E1E4C65F771F6B29536AF8 /* XCLocalSwiftPackageReference "../.." */ = {
			isa = XCLocalSwiftPackageReference;
			relativePath = ../..;
		};
/* End XCLocalSwiftPackageReference section */

/* Begin XCSwiftPackageProductDependency section */
		1A54917698517881ACC715AF /* AjarRender */ = {
			isa = XCSwiftPackageProductDependency;
			productName = AjarRender;
		};
		2D8661F6A1F4DB889E10CE27 /* AjarExport */ = {
			isa = XCSwiftPackageProductDependency;
			productName = AjarExport;
		};
		834313F8ED36DC6955A87E81 /* AjarMedia */ = {
			isa = XCSwiftPackageProductDependency;
			productName = AjarMedia;
		};
		85C3D209033711447AA4FAA9 /* AjarCore */ = {
			isa = XCSwiftPackageProductDependency;
			productName = AjarCore;
		};
		A01CC1757C5405C05674F732 /* AjarAudio */ = {
			isa = XCSwiftPackageProductDependency;
			productName = AjarAudio;
		};
/* End XCSwiftPackageProductDependency section */
	};
	rootObject = 0C3C6B02D1EFA40A858C9AFF /* Project object */;
}
